
Microsoft Visual Studio Solution File, Format Version 12.00
# Visual Studio Version 16
VisualStudioVersion = 16.0.30907.101
MinimumVisualStudioVersion = 10.0.40219.1
Project("{FAE04EC0-301F-11D3-BF4B-00C04F79EFBC}") = "InsuranceAdministration.SiloHost", "InsuranceAdministration.SiloHost\InsuranceAdministration.SiloHost.csproj", "{8C218F69-DE0C-4311-AC80-BE250813983E}"
EndProject
Project("{FAE04EC0-301F-11D3-BF4B-00C04F79EFBC}") = "InsuranceAdministration.GrainInterfaces", "InsuranceAdministration.GrainInterfaces\InsuranceAdministration.GrainInterfaces.csproj", "{62517331-5CBE-4277-BBA0-50319C392974}"
EndProject
Project("{FAE04EC0-301F-11D3-BF4B-00C04F79EFBC}") = "InsuranceAdministration.Grains", "InsuranceAdministration.Grains\InsuranceAdministration.Grains.csproj", "{E0924132-51E5-4490-AAEE-1DB6989868BB}"
EndProject
Project("{FAE04EC0-301F-11D3-BF4B-00C04F79EFBC}") = "InsuranceAdministration.SampleFeeder", "InsuranceAdministration.SampleFeeder\InsuranceAdministration.SampleFeeder.csproj", "{E58A7712-B910-4564-8A76-A7619308A753}"
EndProject
Project("{FAE04EC0-301F-11D3-BF4B-00C04F79EFBC}") = "InsuranceAdministration.IndexReadModel", "InsuranceAdministration.IndexReadModel\InsuranceAdministration.IndexReadModel.csproj", "{46C9BC19-1448-4B17-A7EC-B0F9BF9A9C52}"
EndProject
Global
	GlobalSection(SolutionConfigurationPlatforms) = preSolution
		Debug|Any CPU = Debug|Any CPU
		Release|Any CPU = Release|Any CPU
	EndGlobalSection
	GlobalSection(ProjectConfigurationPlatforms) = postSolution
		{8C218F69-DE0C-4311-AC80-BE250813983E}.Debug|Any CPU.ActiveCfg = Debug|Any CPU
		{8C218F69-DE0C-4311-AC80-BE250813983E}.Debug|Any CPU.Build.0 = Debug|Any CPU
		{8C218F69-DE0C-4311-AC80-BE250813983E}.Release|Any CPU.ActiveCfg = Release|Any CPU
		{8C218F69-DE0C-4311-AC80-BE250813983E}.Release|Any CPU.Build.0 = Release|Any CPU
		{62517331-5CBE-4277-BBA0-50319C392974}.Debug|Any CPU.ActiveCfg = Debug|Any CPU
		{62517331-5CBE-4277-BBA0-50319C392974}.Debug|Any CPU.Build.0 = Debug|Any CPU
		{62517331-5CBE-4277-BBA0-50319C392974}.Release|Any CPU.ActiveCfg = Release|Any CPU
		{62517331-5CBE-4277-BBA0-50319C392974}.Release|Any CPU.Build.0 = Release|Any CPU
		{E0924132-51E5-4490-AAEE-1DB6989868BB}.Debug|Any CPU.ActiveCfg = Debug|Any CPU
		{E0924132-51E5-4490-AAEE-1DB6989868BB}.Debug|Any CPU.Build.0 = Debug|Any CPU
		{E0924132-51E5-4490-AAEE-1DB6989868BB}.Release|Any CPU.ActiveCfg = Release|Any CPU
		{E0924132-51E5-4490-AAEE-1DB6989868BB}.Release|Any CPU.Build.0 = Release|Any CPU
		{E58A7712-B910-4564-8A76-A7619308A753}.Debug|Any CPU.ActiveCfg = Debug|Any CPU
		{E58A7712-B910-4564-8A76-A7619308A753}.Debug|Any CPU.Build.0 = Debug|Any CPU
		{E58A7712-B910-4564-8A76-A7619308A753}.Release|Any CPU.ActiveCfg = Release|Any CPU
		{E58A7712-B910-4564-8A76-A7619308A753}.Release|Any CPU.Build.0 = Release|Any CPU
		{46C9BC19-1448-4B17-A7EC-B0F9BF9A9C52}.Debug|Any CPU.ActiveCfg = Debug|Any CPU
		{46C9BC19-1448-4B17-A7EC-B0F9BF9A9C52}.Debug|Any CPU.Build.0 = Debug|Any CPU
		{46C9BC19-1448-4B17-A7EC-B0F9BF9A9C52}.Release|Any CPU.ActiveCfg = Release|Any CPU
		{46C9BC19-1448-4B17-A7EC-B0F9BF9A9C52}.Release|Any CPU.Build.0 = Release|Any CPU
	EndGlobalSection
	GlobalSection(SolutionProperties) = preSolution
		HideSolutionNode = FALSE
	EndGlobalSection
	GlobalSection(ExtensibilityGlobals) = postSolution
		SolutionGuid = {4F9D8AFB-4F2B-4F2B-AEA8-763D5693ED2D}
	EndGlobalSection
EndGlobal
